
Microsoft Visual Studio Solution File, Format Version 12.00
# Visual Studio Version 17
VisualStudioVersion = 17.9.34902.65
MinimumVisualStudioVersion = 10.0.40219.1
Project("{FAE04EC0-301F-11D3-BF4B-00C04F79EFBC}") = "EMakler.PROAPI", "EMakler.PROAPI\EMakler.PROAPI.csproj", "{4FADC787-4ED9-4023-AE75-8AB3C078A699}"
EndProject
Global
	GlobalSection(SolutionConfigurationPlatforms) = preSolution
		Debug|Any CPU = Debug|Any CPU
		Release|Any CPU = Release|Any CPU
	EndGlobalSection
	GlobalSection(ProjectConfigurationPlatforms) = postSolution
		{4FADC787-4ED9-4023-AE75-8AB3C078A699}.Debug|Any CPU.ActiveCfg = Debug|Any CPU
		{4FADC787-4ED9-4023-AE75-8AB3C078A699}.Debug|Any CPU.Build.0 = Debug|Any CPU
		{4FADC787-4ED9-4023-AE75-8AB3C078A699}.Release|Any CPU.ActiveCfg = Release|Any CPU
		{4FADC787-4ED9-4023-AE75-8AB3C078A699}.Release|Any CPU.Build.0 = Release|Any CPU
	EndGlobalSection
	GlobalSection(SolutionProperties) = preSolution
		HideSolutionNode = FALSE
	EndGlobalSection
	GlobalSection(ExtensibilityGlobals) = postSolution
		SolutionGuid = {82448384-2B47-4150-BDB0-8A712534099D}
	EndGlobalSection
EndGlobal
